{
    "_readme": [
        "This file locks the dependencies of your project to a known state",
        "Read more about it at https://getcomposer.org/doc/01-basic-usage.md#composer-lock-the-lock-file",
        "This file is @generated automatically"
    ],
    "hash": "279a7ad6c4db8e71b4b0ca1cc208f343",
    "content-hash": "9eacd09d3833213310cb34141e16504c",
    "packages": [
        {
            "name": "nqxcode/phpmorphy",
            "version": "v1.0",
            "source": {
                "type": "git",
                "url": "https://github.com/nqxcode/phpmorphy.git",
                "reference": "88b6eaf53eef7551656835985dcbd76dcb0af7ac"
            },
            "dist": {
                "type": "zip",
                "url": "https://api.github.com/repos/nqxcode/phpmorphy/zipball/88b6eaf53eef7551656835985dcbd76dcb0af7ac",
                "reference": "88b6eaf53eef7551656835985dcbd76dcb0af7ac",
                "shasum": ""
            },
            "type": "library",
            "autoload": {
                "files": [
                    "src/common.php"
                ]
            },
            "notification-url": "https://packagist.org/downloads/",
            "license": [
                "GNU GPL 2.1"
            ],
            "authors": [
                {
                    "name": "Kamaev Vladimir",
                    "email": "heromantor@users.sourceforge.net"
                }
            ],
            "description": "phpMorphy - morphological analyzer library for Russisan, English and German languages",
            "homepage": "http://phpmorphy.sourceforge.net/",
            "keywords": [
                "php-morphy",
                "phpmorphy"
            ],
            "time": "2014-07-26 23:36:29"
        }
    ],
    "packages-dev": [],
    "aliases": [],
    "minimum-stability": "stable",
    "stability-flags": [],
    "prefer-stable": false,
    "prefer-lowest": false,
    "platform": [],
    "platform-dev": []
}
